Microsoft Visual Studio Solution File, Format Version 12.00
# Visual Studio 2013
VisualStudioVersion = 12.0.31101.0
MinimumVisualStudioVersion = 10.0.40219.1
Project("{FAE04EC0-301F-11D3-BF4B-00C04F79EFBC}") = "Elmah", "src\Elmah\Elmah.csproj", "{C92DC151-A0BA-4A5E-A20E-620EC9C06AFF}"
EndProject
Project("{FAE04EC0-301F-11D3-BF4B-00C04F79EFBC}") = "Elmah.AspNet", "src\Elmah.AspNet\Elmah.AspNet.csproj", "{2990960B-2CB4-484C-819A-EF186B8FCAC5}"
EndProject
Project("{FAE04EC0-301F-11D3-BF4B-00C04F79EFBC}") = "Elmah.MySql", "src\Elmah.MySql\Elmah.MySql.csproj", "{04341ECA-C1BF-410E-B3B2-0DC54612D475}"
EndProject
Project("{FAE04EC0-301F-11D3-BF4B-00C04F79EFBC}") = "Elmah.Pgsql", "src\Elmah.Pgsql\Elmah.Pgsql.csproj", "{B5A71BBD-3316-4210-88E3-C97B92C5241B}"
EndProject
Project("{FAE04EC0-301F-11D3-BF4B-00C04F79EFBC}") = "Elmah.SqlServerCompact", "src\Elmah.SqlServerCompact\Elmah.SqlServerCompact.csproj", "{80EBC9CB-3603-4CFF-ABF9-87A08566CEAF}"
EndProject
Project("{FAE04EC0-301F-11D3-BF4B-00C04F79EFBC}") = "Elmah.Tests", "tests\Elmah.Tests.csproj", "{8F619C74-74F2-48B5-A06B-780BD329DD43}"
EndProject
Project("{FAE04EC0-301F-11D3-BF4B-00C04F79EFBC}") = "Elmah.SQLite", "src\Elmah.SQLite\Elmah.SQLite.csproj", "{30DE3B3A-87B5-4025-A04A-882769090C60}"
EndProject
Project("{E24C65DC-7377-472B-9ABA-BC803B73C61A}") = "Demo", "http://localhost:51296", "{7CC1005D-2D8F-4B8A-9E82-DE8F03CE4861}"
	ProjectSection(WebsiteProperties) = preProject
		UseIISExpress = "true"
		TargetFrameworkMoniker = ".NETFramework,Version%3Dv4.5"
		ProjectReferences = "{c92dc151-a0ba-4a5e-a20e-620ec9c06aff}|Elmah.dll;{2990960b-2cb4-484c-819a-ef186b8fcac5}|Elmah.AspNet.dll;{30de3b3a-87b5-4025-a04a-882769090c60}|Elmah.SQLite.dll;"
		Debug.AspNetCompiler.VirtualPath = "/localhost_51296"
		Debug.AspNetCompiler.PhysicalPath = "samples\Demo\"
		Debug.AspNetCompiler.TargetPath = "PrecompiledWeb\localhost_51296\"
		Debug.AspNetCompiler.Updateable = "true"
		Debug.AspNetCompiler.ForceOverwrite = "true"
		Debug.AspNetCompiler.FixedNames = "false"
		Debug.AspNetCompiler.Debug = "True"
		Release.AspNetCompiler.VirtualPath = "/localhost_51296"
		Release.AspNetCompiler.PhysicalPath = "samples\Demo\"
		Release.AspNetCompiler.TargetPath = "PrecompiledWeb\localhost_51296\"
		Release.AspNetCompiler.Updateable = "true"
		Release.AspNetCompiler.ForceOverwrite = "true"
		Release.AspNetCompiler.FixedNames = "false"
		Release.AspNetCompiler.Debug = "False"
		SlnRelativePath = "samples\Demo\"
	EndProjectSection
EndProject
Project("{2150E333-8FDC-42A3-9474-1A3956D46DE8}") = "Solution Items", "Solution Items", "{9DDA8D29-1462-465C-AA30-710B5E5C746B}"
	ProjectSection(SolutionItems) = preProject
		build.cmd = build.cmd
		buildw.cmd = buildw.cmd
		COPYING.txt = COPYING.txt
		prestore.cmd = prestore.cmd
		README.md = README.md
	EndProjectSection
EndProject
Project("{2150E333-8FDC-42A3-9474-1A3956D46DE8}") = "Samples", "Samples", "{82A2DC8E-216D-4BEE-8AF1-C3F447A6E252}"
	ProjectSection(SolutionItems) = preProject
		samples\elmah.config = samples\elmah.config
		samples\web.config = samples\web.config
	EndProjectSection
EndProject
Project("{2150E333-8FDC-42A3-9474-1A3956D46DE8}") = "Packaging", "Packaging", "{744FC8DC-9A01-4EF7-B309-101D1EC1F1AD}"
	ProjectSection(SolutionItems) = preProject
		pkg\Elmah.CoreLibrary.nuspec = pkg\Elmah.CoreLibrary.nuspec
	EndProjectSection
EndProject
Global
	GlobalSection(SolutionConfigurationPlatforms) = preSolution
		NETFX 3.5 Debug|Any CPU = NETFX 3.5 Debug|Any CPU
		NETFX 3.5 Release|Any CPU = NETFX 3.5 Release|Any CPU
		NETFX 4.0 Debug|Any CPU = NETFX 4.0 Debug|Any CPU
		NETFX 4.0 Release|Any CPU = NETFX 4.0 Release|Any CPU
		NETFX 4.5 Debug|Any CPU = NETFX 4.5 Debug|Any CPU
		NETFX 4.5 Release|Any CPU = NETFX 4.5 Release|Any CPU
	EndGlobalSection
	GlobalSection(ProjectConfigurationPlatforms) = postSolution
		{C92DC151-A0BA-4A5E-A20E-620EC9C06AFF}.NETFX 3.5 Debug|Any CPU.ActiveCfg = NETFX 3.5 Debug|Any CPU
		{C92DC151-A0BA-4A5E-A20E-620EC9C06AFF}.NETFX 3.5 Debug|Any CPU.Build.0 = NETFX 3.5 Debug|Any CPU
		{C92DC151-A0BA-4A5E-A20E-620EC9C06AFF}.NETFX 3.5 Release|Any CPU.ActiveCfg = NETFX 3.5 Release|Any CPU
		{C92DC151-A0BA-4A5E-A20E-620EC9C06AFF}.NETFX 3.5 Release|Any CPU.Build.0 = NETFX 3.5 Release|Any CPU
		{C92DC151-A0BA-4A5E-A20E-620EC9C06AFF}.NETFX 4.0 Debug|Any CPU.ActiveCfg = NETFX 4.0 Debug|Any CPU
		{C92DC151-A0BA-4A5E-A20E-620EC9C06AFF}.NETFX 4.0 Debug|Any CPU.Build.0 = NETFX 4.0 Debug|Any CPU
		{C92DC151-A0BA-4A5E-A20E-620EC9C06AFF}.NETFX 4.0 Release|Any CPU.ActiveCfg = NETFX 4.0 Release|Any CPU
		{C92DC151-A0BA-4A5E-A20E-620EC9C06AFF}.NETFX 4.0 Release|Any CPU.Build.0 = NETFX 4.0 Release|Any CPU
		{C92DC151-A0BA-4A5E-A20E-620EC9C06AFF}.NETFX 4.5 Debug|Any CPU.ActiveCfg = NETFX 4.5 Debug|Any CPU
		{C92DC151-A0BA-4A5E-A20E-620EC9C06AFF}.NETFX 4.5 Debug|Any CPU.Build.0 = NETFX 4.5 Debug|Any CPU
		{C92DC151-A0BA-4A5E-A20E-620EC9C06AFF}.NETFX 4.5 Release|Any CPU.ActiveCfg = NETFX 4.5 Release|Any CPU
		{C92DC151-A0BA-4A5E-A20E-620EC9C06AFF}.NETFX 4.5 Release|Any CPU.Build.0 = NETFX 4.5 Release|Any CPU
		{2990960B-2CB4-484C-819A-EF186B8FCAC5}.NETFX 3.5 Debug|Any CPU.ActiveCfg = NETFX 3.5 Debug|Any CPU
		{2990960B-2CB4-484C-819A-EF186B8FCAC5}.NETFX 3.5 Debug|Any CPU.Build.0 = NETFX 3.5 Debug|Any CPU
		{2990960B-2CB4-484C-819A-EF186B8FCAC5}.NETFX 3.5 Release|Any CPU.ActiveCfg = NETFX 3.5 Release|Any CPU
		{2990960B-2CB4-484C-819A-EF186B8FCAC5}.NETFX 3.5 Release|Any CPU.Build.0 = NETFX 3.5 Release|Any CPU
		{2990960B-2CB4-484C-819A-EF186B8FCAC5}.NETFX 4.0 Debug|Any CPU.ActiveCfg = NETFX 4.0 Debug|Any CPU
		{2990960B-2CB4-484C-819A-EF186B8FCAC5}.NETFX 4.0 Debug|Any CPU.Build.0 = NETFX 4.0 Debug|Any CPU
		{2990960B-2CB4-484C-819A-EF186B8FCAC5}.NETFX 4.0 Release|Any CPU.ActiveCfg = NETFX 4.0 Release|Any CPU
		{2990960B-2CB4-484C-819A-EF186B8FCAC5}.NETFX 4.0 Release|Any CPU.Build.0 = NETFX 4.0 Release|Any CPU
		{2990960B-2CB4-484C-819A-EF186B8FCAC5}.NETFX 4.5 Debug|Any CPU.ActiveCfg = NETFX 4.5 Debug|Any CPU
		{2990960B-2CB4-484C-819A-EF186B8FCAC5}.NETFX 4.5 Debug|Any CPU.Build.0 = NETFX 4.5 Debug|Any CPU
		{2990960B-2CB4-484C-819A-EF186B8FCAC5}.NETFX 4.5 Release|Any CPU.ActiveCfg = NETFX 4.5 Release|Any CPU
		{2990960B-2CB4-484C-819A-EF186B8FCAC5}.NETFX 4.5 Release|Any CPU.Build.0 = NETFX 4.5 Release|Any CPU
		{04341ECA-C1BF-410E-B3B2-0DC54612D475}.NETFX 3.5 Debug|Any CPU.ActiveCfg = NETFX 3.5 Debug|Any CPU
		{04341ECA-C1BF-410E-B3B2-0DC54612D475}.NETFX 3.5 Debug|Any CPU.Build.0 = NETFX 3.5 Debug|Any CPU
		{04341ECA-C1BF-410E-B3B2-0DC54612D475}.NETFX 3.5 Release|Any CPU.ActiveCfg = NETFX 3.5 Release|Any CPU
		{04341ECA-C1BF-410E-B3B2-0DC54612D475}.NETFX 3.5 Release|Any CPU.Build.0 = NETFX 3.5 Release|Any CPU
		{04341ECA-C1BF-410E-B3B2-0DC54612D475}.NETFX 4.0 Debug|Any CPU.ActiveCfg = NETFX 4.0 Debug|Any CPU
		{04341ECA-C1BF-410E-B3B2-0DC54612D475}.NETFX 4.0 Debug|Any CPU.Build.0 = NETFX 4.0 Debug|Any CPU
		{04341ECA-C1BF-410E-B3B2-0DC54612D475}.NETFX 4.0 Release|Any CPU.ActiveCfg = NETFX 4.0 Release|Any CPU
		{04341ECA-C1BF-410E-B3B2-0DC54612D475}.NETFX 4.0 Release|Any CPU.Build.0 = NETFX 4.0 Release|Any CPU
		{04341ECA-C1BF-410E-B3B2-0DC54612D475}.NETFX 4.5 Debug|Any CPU.ActiveCfg = NETFX 4.5 Debug|Any CPU
		{04341ECA-C1BF-410E-B3B2-0DC54612D475}.NETFX 4.5 Debug|Any CPU.Build.0 = NETFX 4.5 Debug|Any CPU
		{04341ECA-C1BF-410E-B3B2-0DC54612D475}.NETFX 4.5 Release|Any CPU.ActiveCfg = NETFX 4.5 Release|Any CPU
		{04341ECA-C1BF-410E-B3B2-0DC54612D475}.NETFX 4.5 Release|Any CPU.Build.0 = NETFX 4.5 Release|Any CPU
		{B5A71BBD-3316-4210-88E3-C97B92C5241B}.NETFX 3.5 Debug|Any CPU.ActiveCfg = NETFX 3.5 Debug|Any CPU
		{B5A71BBD-3316-4210-88E3-C97B92C5241B}.NETFX 3.5 Debug|Any CPU.Build.0 = NETFX 3.5 Debug|Any CPU
		{B5A71BBD-3316-4210-88E3-C97B92C5241B}.NETFX 3.5 Release|Any CPU.ActiveCfg = NETFX 3.5 Release|Any CPU
		{B5A71BBD-3316-4210-88E3-C97B92C5241B}.NETFX 3.5 Release|Any CPU.Build.0 = NETFX 3.5 Release|Any CPU
		{B5A71BBD-3316-4210-88E3-C97B92C5241B}.NETFX 4.0 Debug|Any CPU.ActiveCfg = NETFX 4.0 Debug|Any CPU
		{B5A71BBD-3316-4210-88E3-C97B92C5241B}.NETFX 4.0 Debug|Any CPU.Build.0 = NETFX 4.0 Debug|Any CPU
		{B5A71BBD-3316-4210-88E3-C97B92C5241B}.NETFX 4.0 Release|Any CPU.ActiveCfg = NETFX 4.0 Release|Any CPU
		{B5A71BBD-3316-4210-88E3-C97B92C5241B}.NETFX 4.0 Release|Any CPU.Build.0 = NETFX 4.0 Release|Any CPU
		{B5A71BBD-3316-4210-88E3-C97B92C5241B}.NETFX 4.5 Debug|Any CPU.ActiveCfg = NETFX 4.5 Debug|Any CPU
		{B5A71BBD-3316-4210-88E3-C97B92C5241B}.NETFX 4.5 Debug|Any CPU.Build.0 = NETFX 4.5 Debug|Any CPU
		{B5A71BBD-3316-4210-88E3-C97B92C5241B}.NETFX 4.5 Release|Any CPU.ActiveCfg = NETFX 4.5 Release|Any CPU
		{B5A71BBD-3316-4210-88E3-C97B92C5241B}.NETFX 4.5 Release|Any CPU.Build.0 = NETFX 4.5 Release|Any CPU
		{80EBC9CB-3603-4CFF-ABF9-87A08566CEAF}.NETFX 3.5 Debug|Any CPU.ActiveCfg = NETFX 4.5 Release|Any CPU
		{80EBC9CB-3603-4CFF-ABF9-87A08566CEAF}.NETFX 3.5 Debug|Any CPU.Build.0 = NETFX 4.5 Release|Any CPU
		{80EBC9CB-3603-4CFF-ABF9-87A08566CEAF}.NETFX 3.5 Release|Any CPU.ActiveCfg = NETFX 4.5 Release|Any CPU
		{80EBC9CB-3603-4CFF-ABF9-87A08566CEAF}.NETFX 3.5 Release|Any CPU.Build.0 = NETFX 4.5 Release|Any CPU
		{80EBC9CB-3603-4CFF-ABF9-87A08566CEAF}.NETFX 4.0 Debug|Any CPU.ActiveCfg = NETFX 4.0 Debug|Any CPU
		{80EBC9CB-3603-4CFF-ABF9-87A08566CEAF}.NETFX 4.0 Debug|Any CPU.Build.0 = NETFX 4.0 Debug|Any CPU
		{80EBC9CB-3603-4CFF-ABF9-87A08566CEAF}.NETFX 4.0 Release|Any CPU.ActiveCfg = NETFX 4.0 Release|Any CPU
		{80EBC9CB-3603-4CFF-ABF9-87A08566CEAF}.NETFX 4.0 Release|Any CPU.Build.0 = NETFX 4.0 Release|Any CPU
		{80EBC9CB-3603-4CFF-ABF9-87A08566CEAF}.NETFX 4.5 Debug|Any CPU.ActiveCfg = NETFX 4.5 Debug|Any CPU
		{80EBC9CB-3603-4CFF-ABF9-87A08566CEAF}.NETFX 4.5 Debug|Any CPU.Build.0 = NETFX 4.5 Debug|Any CPU
		{80EBC9CB-3603-4CFF-ABF9-87A08566CEAF}.NETFX 4.5 Release|Any CPU.ActiveCfg = NETFX 4.5 Release|Any CPU
		{80EBC9CB-3603-4CFF-ABF9-87A08566CEAF}.NETFX 4.5 Release|Any CPU.Build.0 = NETFX 4.5 Release|Any CPU
		{8F619C74-74F2-48B5-A06B-780BD329DD43}.NETFX 3.5 Debug|Any CPU.ActiveCfg = NETFX 4.5 Debug|Any CPU
		{8F619C74-74F2-48B5-A06B-780BD329DD43}.NETFX 3.5 Release|Any CPU.ActiveCfg = NETFX 4.5 Debug|Any CPU
		{8F619C74-74F2-48B5-A06B-780BD329DD43}.NETFX 4.0 Debug|Any CPU.ActiveCfg = NETFX 4.5 Debug|Any CPU
		{8F619C74-74F2-48B5-A06B-780BD329DD43}.NETFX 4.0 Release|Any CPU.ActiveCfg = NETFX 4.5 Debug|Any CPU
		{8F619C74-74F2-48B5-A06B-780BD329DD43}.NETFX 4.5 Debug|Any CPU.ActiveCfg = NETFX 4.5 Debug|Any CPU
		{8F619C74-74F2-48B5-A06B-780BD329DD43}.NETFX 4.5 Debug|Any CPU.Build.0 = NETFX 4.5 Debug|Any CPU
		{8F619C74-74F2-48B5-A06B-780BD329DD43}.NETFX 4.5 Release|Any CPU.ActiveCfg = NETFX 4.5 Debug|Any CPU
		{30DE3B3A-87B5-4025-A04A-882769090C60}.NETFX 3.5 Debug|Any CPU.ActiveCfg = NETFX 3.5 Debug|Any CPU
		{30DE3B3A-87B5-4025-A04A-882769090C60}.NETFX 3.5 Debug|Any CPU.Build.0 = NETFX 3.5 Debug|Any CPU
		{30DE3B3A-87B5-4025-A04A-882769090C60}.NETFX 3.5 Release|Any CPU.ActiveCfg = NETFX 3.5 Release|Any CPU
		{30DE3B3A-87B5-4025-A04A-882769090C60}.NETFX 3.5 Release|Any CPU.Build.0 = NETFX 3.5 Release|Any CPU
		{30DE3B3A-87B5-4025-A04A-882769090C60}.NETFX 4.0 Debug|Any CPU.ActiveCfg = NETFX 4.0 Debug|Any CPU
		{30DE3B3A-87B5-4025-A04A-882769090C60}.NETFX 4.0 Debug|Any CPU.Build.0 = NETFX 4.0 Debug|Any CPU
		{30DE3B3A-87B5-4025-A04A-882769090C60}.NETFX 4.0 Release|Any CPU.ActiveCfg = NETFX 4.0 Release|Any CPU
		{30DE3B3A-87B5-4025-A04A-882769090C60}.NETFX 4.0 Release|Any CPU.Build.0 = NETFX 4.0 Release|Any CPU
		{30DE3B3A-87B5-4025-A04A-882769090C60}.NETFX 4.5 Debug|Any CPU.ActiveCfg = NETFX 4.5 Debug|Any CPU
		{30DE3B3A-87B5-4025-A04A-882769090C60}.NETFX 4.5 Debug|Any CPU.Build.0 = NETFX 4.5 Debug|Any CPU
		{30DE3B3A-87B5-4025-A04A-882769090C60}.NETFX 4.5 Release|Any CPU.ActiveCfg = NETFX 4.5 Release|Any CPU
		{30DE3B3A-87B5-4025-A04A-882769090C60}.NETFX 4.5 Release|Any CPU.Build.0 = NETFX 4.5 Release|Any CPU
		{7CC1005D-2D8F-4B8A-9E82-DE8F03CE4861}.NETFX 3.5 Debug|Any CPU.ActiveCfg = Debug|Any CPU
		{7CC1005D-2D8F-4B8A-9E82-DE8F03CE4861}.NETFX 3.5 Debug|Any CPU.Build.0 = Debug|Any CPU
		{7CC1005D-2D8F-4B8A-9E82-DE8F03CE4861}.NETFX 3.5 Release|Any CPU.ActiveCfg = Debug|Any CPU
		{7CC1005D-2D8F-4B8A-9E82-DE8F03CE4861}.NETFX 3.5 Release|Any CPU.Build.0 = Debug|Any CPU
		{7CC1005D-2D8F-4B8A-9E82-DE8F03CE4861}.NETFX 4.0 Debug|Any CPU.ActiveCfg = Debug|Any CPU
		{7CC1005D-2D8F-4B8A-9E82-DE8F03CE4861}.NETFX 4.0 Debug|Any CPU.Build.0 = Debug|Any CPU
		{7CC1005D-2D8F-4B8A-9E82-DE8F03CE4861}.NETFX 4.0 Release|Any CPU.ActiveCfg = Debug|Any CPU
		{7CC1005D-2D8F-4B8A-9E82-DE8F03CE4861}.NETFX 4.0 Release|Any CPU.Build.0 = Debug|Any CPU
		{7CC1005D-2D8F-4B8A-9E82-DE8F03CE4861}.NETFX 4.5 Debug|Any CPU.ActiveCfg = Debug|Any CPU
		{7CC1005D-2D8F-4B8A-9E82-DE8F03CE4861}.NETFX 4.5 Debug|Any CPU.Build.0 = Debug|Any CPU
		{7CC1005D-2D8F-4B8A-9E82-DE8F03CE4861}.NETFX 4.5 Release|Any CPU.ActiveCfg = Debug|Any CPU
		{7CC1005D-2D8F-4B8A-9E82-DE8F03CE4861}.NETFX 4.5 Release|Any CPU.Build.0 = Debug|Any CPU
	EndGlobalSection
	GlobalSection(SolutionProperties) = preSolution
		HideSolutionNode = FALSE
	EndGlobalSection
EndGlobal
